// !$*UTF8*$!
{
	archiveVersion = 1;
	classes = {
	};
	objectVersion = 46;
	objects = {

/* Begin PBXBuildFile section */
		DCDE91F51CFD4ACE0085CCDF /* AppDelegate.swift in Sources */ = {isa = PBXBuildFile; fileRef = DCDE91F41CFD4ACE0085CCDF /* AppDelegate.swift */; };
		DCDE91F71CFD4ACE0085CCDF /* ViewController.swift in Sources */ = {isa = PBXBuildFile; fileRef = DCDE91F61CFD4ACE0085CCDF /* ViewController.swift */; };
		DCDE91FA1CFD4ACE0085CCDF /* Main.storyboard in Resources */ = {isa = PBXBuildFile; fileRef = DCDE91F81CFD4ACE0085CCDF /* Main.storyboard */; };
		DCDE91FC1CFD4ACE0085CCDF /* Assets.xcassets in Resources */ = {isa = PBXBuildFile; fileRef = DCDE91FB1CFD4ACE0085CCDF /* Assets.xcassets */; };
		DCDE91FF1CFD4ACE0085CCDF /* LaunchScreen.storyboard in Resources */ = {isa = PBXBuildFile; fileRef = DCDE91FD1CFD4ACE0085CCDF /* LaunchScreen.storyboard */; };
/* End PBXBuildFile section */

/* Begin PBXFileReference section */
		DCDE91F11CFD4ACE0085CCDF /* SuperCool.app */ = {isa = PBXFileReference; explicitFileType = wrapper.application; includeInIndex = 0; path = SuperCool.app; sourceTree = BUILT_PRODUCTS_DIR; };
		DCDE91F41CFD4ACE0085CCDF /* AppDelegate.swift */ = {isa = PBXFileReference; lastKnownFileType = sourcecode.swift; path = AppDelegate.swift; sourceTree = "<group>"; };
		DCDE91F61CFD4ACE0085CCDF /* ViewController.swift */ = {isa = PBXFileReference; lastKnownFileType = sourcecode.swift; path = ViewController.swift; sourceTree = "<group>"; };
		DCDE91F91CFD4ACE0085CCDF /* Base */ = {isa = PBXFileReference; lastKnownFileType = file.storyboard; name = Base; path = Base.lproj/Main.storyboard; sourceTree = "<group>"; };
		DCDE91FB1CFD4ACE0085CCDF /* Assets.xcassets */ = {isa = PBXFileReference; lastKnownFileType = folder.assetcatalog; path = Assets.xcassets; sourceTree = "<group>"; };
		DCDE91FE1CFD4ACE0085CCDF /* Base */ = {isa = PBXFileReference; lastKnownFileType = file.storyboard; name = Base; path = Base.lproj/LaunchScreen.storyboard; sourceTree = "<group>"; };
		DCDE92001CFD4ACE0085CCDF /* Info.plist */ = {isa = PBXFileReference; lastKnownFileType = text.plist.xml; path = Info.plist; sourceTree = "<group>"; };
/* End PBXFileReference section */

/* Begin PBXFrameworksBuildPhase section */
		DCDE91EE1CFD4ACE0085CCDF /* Frameworks */ = {
			isa = PBXFrameworksBuildPhase;
			buildActionMask = 2147483647;
			files = (
			);
			runOnlyForDeploymentPostprocessing = 0;
		};
/* End PBXFrameworksBuildPhase section */

/* Begin PBXGroup section */
		DCDE91E81CFD4ACE0085CCDF = {
			isa = PBXGroup;
			children = (
				DCDE91F31CFD4ACE0085CCDF /* SuperCool */,
				DCDE91F21CFD4ACE0085CCDF /* Products */,
			);
			sourceTree = "<group>";
		};
		DCDE91F21CFD4ACE0085CCDF /* Products */ = {
			isa = PBXGroup;
			children = (
				DCDE91F11CFD4ACE0085CCDF /* SuperCool.app */,
			);
			name = Products;
			sourceTree = "<group>";
		};
		DCDE91F31CFD4ACE0085CCDF /* SuperCool */ = {
			isa = PBXGroup;
			children = (
				DCDE91F41CFD4ACE0085CCDF /* AppDelegate.swift */,
				DCDE91F61CFD4ACE0085CCDF /* ViewController.swift */,
				DCDE91F81CFD4ACE0085CCDF /* Main.storyboard */,
				DCDE91FB1CFD4ACE0085CCDF /* Assets.xcassets */,
				DCDE91FD1CFD4ACE0085CCDF /* LaunchScreen.storyboard */,
				DCDE92001CFD4ACE0085CCDF /* Info.plist */,
			);
			path = SuperCool;
			sourceTree = "<group>";
		};
/* End PBXGroup section */

/* Begin PBXNativeTarget section */
		DCDE91F01CFD4ACE0085CCDF /* SuperCool */ = {
			isa = PBXNativeTarget;
			buildConfigurationList = DCDE92031CFD4ACE0085CCDF /* Build configuration list for PBXNativeTarget "SuperCool" */;
			buildPhases = (
				DCDE91ED1CFD4ACE0085CCDF /* Sources */,
				DCDE91EE1CFD4ACE0085CCDF /* Frameworks */,
				DCDE91EF1CFD4ACE0085CCDF /* Resources */,
			);
			buildRules = (
			);
			dependencies = (
			);
			name = SuperCool;
			productName = SuperCool;
			productReference = DCDE91F11CFD4ACE0085CCDF /* SuperCool.app */;
			productType = "com.apple.product-type.application";
		};
/* End PBXNativeTarget section */

/* Begin PBXProject section */
		DCDE91E91CFD4ACE0085CCDF /* Project object */ = {
			isa = PBXProject;
			attributes = {
				LastSwiftUpdateCheck = 0730;
				LastUpgradeCheck = 0730;
				ORGANIZATIONNAME = "Stephen Philippou";
				TargetAttributes = {
					DCDE91F01CFD4ACE0085CCDF = {
						CreatedOnToolsVersion = 7.3.1;
					};
				};
			};
			buildConfigurationList = DCDE91EC1CFD4ACE0085CCDF /* Build configuration list for PBXProject "SuperCool" */;
			compatibilityVersion = "Xcode 3.2";
			developmentRegion = English;
			hasScannedForEncodings = 0;
			knownRegions = (
				en,
				Base,
			);
			mainGroup = DCDE91E81CFD4ACE0085CCDF;
			productRefGroup = DCDE91F21CFD4ACE0085CCDF /* Products */;
			projectDirPath = "";
			projectRoot = "";
			targets = (
				DCDE91F01CFD4ACE0085CCDF /* SuperCool */,
			);
		};
/* End PBXProject section */

/* Begin PBXResourcesBuildPhase section */
		DCDE91EF1CFD4ACE0085CCDF /* Resources */ = {
			isa = PBXResourcesBuildPhase;
			buildActionMask = 2147483647;
			files = (
				DCDE91FF1CFD4ACE0085CCDF /* LaunchScreen.storyboard in Resources */,
				DCDE91FC1CFD4ACE0085CCDF /* Assets.xcassets in Resources */,
				DCDE91FA1CFD4ACE0085CCDF /* Main.storyboard in Resources */,
			);
			runOnlyForDeploymentPostprocessing = 0;
		};
/* End PBXResourcesBuildPhase section */

/* Begin PBXSourcesBuildPhase section */
		DCDE91ED1CFD4ACE0085CCDF /* Sources */ = {
			isa = PBXSourcesBuildPhase;
			buildActionMask = 2147483647;
			files = (
				DCDE91F71CFD4ACE0085CCDF /* ViewController.swift in Sources */,
				DCDE91F51CFD4ACE0085CCDF /* AppDelegate.swift in Sources */,
			);
			runOnlyForDeploymentPostprocessing = 0;
		};
/* End PBXSourcesBuildPhase section */

/* Begin PBXVariantGroup section */
		DCDE91F81CFD4ACE0085CCDF /* Main.storyboard */ = {
			isa = PBXVariantGroup;
			children = (
				DCDE91F91CFD4ACE0085CCDF /* Base */,
			);
			name = Main.storyboard;
			sourceTree = "<group>";
		};
		DCDE91FD1CFD4ACE0085CCDF /* LaunchScreen.storyboard */ = {
			isa = PBXVariantGroup;
			children = (
				DCDE91FE1CFD4ACE0085CCDF /* Base */,
			);
			name = LaunchScreen.storyboard;
			sourceTree = "<group>";
		};
/* End PBXVariantGroup section */

/* Begin XCBuildConfiguration section */
		DCDE92011CFD4ACE0085CCDF /* Debug */ = {
			isa = XCBuildConfiguration;
			buildSettings = {
				ALWAYS_SEARCH_USER_PATHS = NO;
				CLANG_ANALYZER_NONNULL = YES;
				CLANG_CXX_LANGUAGE_STANDARD = "gnu++0x";
				CLANG_CXX_LIBRARY = "libc++";
				CLANG_ENABLE_MODULES = YES;
				CLANG_ENABLE_OBJC_ARC = YES;
				CLANG_WARN_BOOL_CONVERSION = YES;
				CLANG_WARN_CONSTANT_CONVERSION = YES;
				CLANG_WARN_DIRECT_OBJC_ISA_USAGE = YES_ERROR;
				CLANG_WARN_EMPTY_BODY = YES;
				CLANG_WARN_ENUM_CONVERSION = YES;
				CLANG_WARN_INT_CONVERSION = YES;
				CLANG_WARN_OBJC_ROOT_CLASS = YES_ERROR;
				CLANG_WARN_UNREACHABLE_CODE = YES;
				CLANG_WARN__DUPLICATE_METHOD_MATCH = YES;
				"CODE_SIGN_IDENTITY[sdk=iphoneos*]" = "iPhone Developer";
				COPY_PHASE_STRIP = NO;
				DEBUG_INFORMATION_FORMAT = dwarf;
				ENABLE_STRICT_OBJC_MSGSEND = YES;
				ENABLE_TESTABILITY = YES;
				GCC_C_LANGUAGE_STANDARD = gnu99;
				GCC_DYNAMIC_NO_PIC = NO;
				GCC_NO_COMMON_BLOCKS = YES;
				GCC_OPTIMIZATION_LEVEL = 0;
				GCC_PREPROCESSOR_DEFINITIONS = (
					"DEBUG=1",
					"$(inherited)",
				);
				GCC_WARN_64_TO_32_BIT_CONVERSION = YES;
				GCC_WARN_ABOUT_RETURN_TYPE = YES_ERROR;
				GCC_WARN_UNDECLARED_SELECTOR = YES;
				GCC_WARN_UNINITIALIZED_AUTOS = YES_AGGRESSIVE;
				GCC_WARN_UNUSED_FUNCTION = YES;
				GCC_WARN_UNUSED_VARIABLE = YES;
				IPHONEOS_DEPLOYMENT_TARGET = 9.3;
				MTL_ENABLE_DEBUG_INFO = YES;
				ONLY_ACTIVE_ARCH = YES;
				SDKROOT = iphoneos;
				SWIFT_OPTIMIZATION_LEVEL = "-Onone";
			};
			name = Debug;
		};
		DCDE92021CFD4ACE0085CCDF /* Release */ = {
			isa = XCBuildConfiguration;
			buildSettings = {
				ALWAYS_SEARCH_USER_PATHS = NO;
				CLANG_ANALYZER_NONNULL = YES;
				CLANG_CXX_LANGUAGE_STANDARD = "gnu++0x";
				CLANG_CXX_LIBRARY = "libc++";
				CLANG_ENABLE_MODULES = YES;
				CLANG_ENABLE_OBJC_ARC = YES;
				CLANG_WARN_BOOL_CONVERSION = YES;
				CLANG_WARN_CONSTANT_CONVERSION = YES;
				CLANG_WARN_DIRECT_OBJC_ISA_USAGE = YES_ERROR;
				CLANG_WARN_EMPTY_BODY = YES;
				CLANG_WARN_ENUM_CONVERSION = YES;
				CLANG_WARN_INT_CONVERSION = YES;
				CLANG_WARN_OBJC_ROOT_CLASS = YES_ERROR;
				CLANG_WARN_UNREACHABLE_CODE = YES;
				CLANG_WARN__DUPLICATE_METHOD_MATCH = YES;
				"CODE_SIGN_IDENTITY[sdk=iphoneos*]" = "iPhone Developer";
				COPY_PHASE_STRIP = NO;
				DEBUG_INFORMATION_FORMAT = "dwarf-with-dsym";
				ENABLE_NS_ASSERTIONS = NO;
				ENABLE_STRICT_OBJC_MSGSEND = YES;
				GCC_C_LANGUAGE_STANDARD = gnu99;
				GCC_NO_COMMON_BLOCKS = YES;
				GCC_WARN_64_TO_32_BIT_CONVERSION = YES;
				GCC_WARN_ABOUT_RETURN_TYPE = YES_ERROR;
				GCC_WARN_UNDECLARED_SELECTOR = YES;
				GCC_WARN_UNINITIALIZED_AUTOS = YES_AGGRESSIVE;
				GCC_WARN_UNUSED_FUNCTION = YES;
				GCC_WARN_UNUSED_VARIABLE = YES;
				IPHONEOS_DEPLOYMENT_TARGET = 9.3;
				MTL_ENABLE_DEBUG_INFO = NO;
				SDKROOT = iphoneos;
				VALIDATE_PRODUCT = YES;
			};
			name = Release;
		};
		DCDE92041CFD4ACE0085CCDF /* Debug */ = {
			isa = XCBuildConfiguration;
			buildSettings = {
				ASSETCATALOG_COMPILER_APPICON_NAME = AppIcon;
				INFOPLIST_FILE = SuperCool/Info.plist;
				LD_RUNPATH_SEARCH_PATHS = "$(inherited) @executable_path/Frameworks";
				PRODUCT_BUNDLE_IDENTIFIER = Example.SuperCool;
				PRODUCT_NAME = "$(TARGET_NAME)";
			};
			name = Debug;
		};
		DCDE92051CFD4ACE0085CCDF /* Release */ = {
			isa = XCBuildConfiguration;
			buildSettings = {
				ASSETCATALOG_COMPILER_APPICON_NAME = AppIcon;
				INFOPLIST_FILE = SuperCool/Info.plist;
				LD_RUNPATH_SEARCH_PATHS = "$(inherited) @executable_path/Frameworks";
				PRODUCT_BUNDLE_IDENTIFIER = Example.SuperCool;
				PRODUCT_NAME = "$(TARGET_NAME)";
			};
			name = Release;
		};
/* End XCBuildConfiguration section */

/* Begin XCConfigurationList section */
		DCDE91EC1CFD4ACE0085CCDF /* Build configuration list for PBXProject "SuperCool" */ = {
			isa = XCConfigurationList;
			buildConfigurations = (
				DCDE92011CFD4ACE0085CCDF /* Debug */,
				DCDE92021CFD4ACE0085CCDF /* Release */,
			);
			defaultConfigurationIsVisible = 0;
			defaultConfigurationName = Release;
		};
		DCDE92031CFD4ACE0085CCDF /* Build configuration list for PBXNativeTarget "SuperCool" */ = {
			isa = XCConfigurationList;
			buildConfigurations = (
				DCDE92041CFD4ACE0085CCDF /* Debug */,
				DCDE92051CFD4ACE0085CCDF /* Release */,
			);
			defaultConfigurationIsVisible = 0;
		};
/* End XCConfigurationList section */
	};
	rootObject = DCDE91E91CFD4ACE0085CCDF /* Project object */;
}
